
Microsoft Visual Studio Solution File, Format Version 12.00
# Visual Studio Version 16
VisualStudioVersion = 16.0.29215.179
MinimumVisualStudioVersion = 10.0.40219.1
Project("{9A19103F-16F7-4668-BE54-9A1E7A4F7556}") = "JiraWorklog", "JiraWorklog\JiraWorklog.csproj", "{23864C81-8357-4EE0-B364-884508FC92E9}"
EndProject
Project("{FAE04EC0-301F-11D3-BF4B-00C04F79EFBC}") = "Jira.Api", "Jira.Api\Jira.Api.csproj", "{92FAC863-D4AE-4B3C-887C-87C1CBF27FBF}"
EndProject
Global
	GlobalSection(SolutionConfigurationPlatforms) = preSolution
		Debug|Any CPU = Debug|Any CPU
		Release|Any CPU = Release|Any CPU
	EndGlobalSection
	GlobalSection(ProjectConfigurationPlatforms) = postSolution
		{23864C81-8357-4EE0-B364-884508FC92E9}.Debug|Any CPU.ActiveCfg = Debug|Any CPU
		{23864C81-8357-4EE0-B364-884508FC92E9}.Debug|Any CPU.Build.0 = Debug|Any CPU
		{23864C81-8357-4EE0-B364-884508FC92E9}.Release|Any CPU.ActiveCfg = Release|Any CPU
		{23864C81-8357-4EE0-B364-884508FC92E9}.Release|Any CPU.Build.0 = Release|Any CPU
		{92FAC863-D4AE-4B3C-887C-87C1CBF27FBF}.Debug|Any CPU.ActiveCfg = Debug|Any CPU
		{92FAC863-D4AE-4B3C-887C-87C1CBF27FBF}.Debug|Any CPU.Build.0 = Debug|Any CPU
		{92FAC863-D4AE-4B3C-887C-87C1CBF27FBF}.Release|Any CPU.ActiveCfg = Release|Any CPU
		{92FAC863-D4AE-4B3C-887C-87C1CBF27FBF}.Release|Any CPU.Build.0 = Release|Any CPU
	EndGlobalSection
	GlobalSection(SolutionProperties) = preSolution
		HideSolutionNode = FALSE
	EndGlobalSection
	GlobalSection(ExtensibilityGlobals) = postSolution
		SolutionGuid = {7C2301FA-0817-431F-AF40-814CE04A85EE}
	EndGlobalSection
EndGlobal
